
Microsoft Visual Studio Solution File, Format Version 12.00
Project("{FAE04EC0-301F-11D3-BF4B-00C04F79EFBC}") = "JurassicParkCore", "JurassicParkCore\JurassicParkCore.csproj", "{782E37CA-D417-410B-A9BE-C763065FAED3}"
EndProject
Project("{FAE04EC0-301F-11D3-BF4B-00C04F79EFBC}") = "JurassicParkTester", "JurassicParkTester\JurassicParkTester.csproj", "{34666D23-F3B9-403C-B50D-807B0DE71E8D}"
EndProject
Global
	GlobalSection(SolutionConfigurationPlatforms) = preSolution
		Debug|Any CPU = Debug|Any CPU
		Release|Any CPU = Release|Any CPU
	EndGlobalSection
	GlobalSection(ProjectConfigurationPlatforms) = postSolution
		{782E37CA-D417-410B-A9BE-C763065FAED3}.Debug|Any CPU.ActiveCfg = Debug|Any CPU
		{782E37CA-D417-410B-A9BE-C763065FAED3}.Debug|Any CPU.Build.0 = Debug|Any CPU
		{782E37CA-D417-410B-A9BE-C763065FAED3}.Release|Any CPU.ActiveCfg = Release|Any CPU
		{782E37CA-D417-410B-A9BE-C763065FAED3}.Release|Any CPU.Build.0 = Release|Any CPU
		{34666D23-F3B9-403C-B50D-807B0DE71E8D}.Debug|Any CPU.ActiveCfg = Debug|Any CPU
		{34666D23-F3B9-403C-B50D-807B0DE71E8D}.Debug|Any CPU.Build.0 = Debug|Any CPU
		{34666D23-F3B9-403C-B50D-807B0DE71E8D}.Release|Any CPU.ActiveCfg = Release|Any CPU
		{34666D23-F3B9-403C-B50D-807B0DE71E8D}.Release|Any CPU.Build.0 = Release|Any CPU
	EndGlobalSection
EndGlobal
